
Microsoft Visual Studio Solution File, Format Version 12.00
# Visual Studio 2013
VisualStudioVersion = 12.0.21005.1
MinimumVisualStudioVersion = 10.0.40219.1
Project("{FAE04EC0-301F-11D3-BF4B-00C04F79EFBC}") = "DATN.TTS.SERVICE", "DATN.TTS.SERVICE\DATN.TTS.SERVICE.csproj", "{31522C27-F597-4395-8010-359B232D6BB3}"
EndProject
Project("{FAE04EC0-301F-11D3-BF4B-00C04F79EFBC}") = "DATN.TTS.BUS", "DATN.TTS.BUS\DATN.TTS.BUS.csproj", "{799D0078-989D-47E6-A56B-5C06ECF0000B}"
EndProject
Project("{2150E333-8FDC-42A3-9474-1A3956D46DE8}") = "DATN.TTS.WEBSERVICE", "DATN.TTS.WEBSERVICE", "{8E072EBD-9EA5-4E88-8FE4-3FE377478F6A}"
EndProject
Project("{2150E333-8FDC-42A3-9474-1A3956D46DE8}") = "DATN.TTS.BIZ", "DATN.TTS.BIZ", "{20813C6E-52FA-444A-80DB-533303988B00}"
EndProject
Project("{2150E333-8FDC-42A3-9474-1A3956D46DE8}") = "DATN.TTS.UI", "DATN.TTS.UI", "{732A8629-0F6F-44A8-BD3D-1CAF60B884CE}"
EndProject
Project("{FAE04EC0-301F-11D3-BF4B-00C04F79EFBC}") = "DATN.TTS.BIZ", "DATN.TTS.BIZ\DATN.TTS.BIZ.csproj", "{F93CFB54-068D-4888-A2A4-E8B73F938B05}"
EndProject
Project("{FAE04EC0-301F-11D3-BF4B-00C04F79EFBC}") = "DATN.TTS.TVMH", "DATN.TTS.TVMH\DATN.TTS.TVMH.csproj", "{CD8C731F-E335-4B97-B8F0-32309D851AA6}"
EndProject
Project("{FAE04EC0-301F-11D3-BF4B-00C04F79EFBC}") = "DATN.TTS.DATA", "DATN.TTS.DATA\DATN.TTS.DATA.csproj", "{0C1F0B24-F457-4944-BCB5-0C53FF5CEB21}"
EndProject
Global
	GlobalSection(SolutionConfigurationPlatforms) = preSolution
		Debug|Any CPU = Debug|Any CPU
		Release|Any CPU = Release|Any CPU
	EndGlobalSection
	GlobalSection(ProjectConfigurationPlatforms) = postSolution
		{31522C27-F597-4395-8010-359B232D6BB3}.Debug|Any CPU.ActiveCfg = Debug|Any CPU
		{31522C27-F597-4395-8010-359B232D6BB3}.Debug|Any CPU.Build.0 = Debug|Any CPU
		{31522C27-F597-4395-8010-359B232D6BB3}.Release|Any CPU.ActiveCfg = Release|Any CPU
		{31522C27-F597-4395-8010-359B232D6BB3}.Release|Any CPU.Build.0 = Release|Any CPU
		{799D0078-989D-47E6-A56B-5C06ECF0000B}.Debug|Any CPU.ActiveCfg = Debug|Any CPU
		{799D0078-989D-47E6-A56B-5C06ECF0000B}.Debug|Any CPU.Build.0 = Debug|Any CPU
		{799D0078-989D-47E6-A56B-5C06ECF0000B}.Release|Any CPU.ActiveCfg = Release|Any CPU
		{799D0078-989D-47E6-A56B-5C06ECF0000B}.Release|Any CPU.Build.0 = Release|Any CPU
		{F93CFB54-068D-4888-A2A4-E8B73F938B05}.Debug|Any CPU.ActiveCfg = Debug|Any CPU
		{F93CFB54-068D-4888-A2A4-E8B73F938B05}.Debug|Any CPU.Build.0 = Debug|Any CPU
		{F93CFB54-068D-4888-A2A4-E8B73F938B05}.Release|Any CPU.ActiveCfg = Release|Any CPU
		{F93CFB54-068D-4888-A2A4-E8B73F938B05}.Release|Any CPU.Build.0 = Release|Any CPU
		{CD8C731F-E335-4B97-B8F0-32309D851AA6}.Debug|Any CPU.ActiveCfg = Debug|Any CPU
		{CD8C731F-E335-4B97-B8F0-32309D851AA6}.Debug|Any CPU.Build.0 = Debug|Any CPU
		{CD8C731F-E335-4B97-B8F0-32309D851AA6}.Release|Any CPU.ActiveCfg = Release|Any CPU
		{CD8C731F-E335-4B97-B8F0-32309D851AA6}.Release|Any CPU.Build.0 = Release|Any CPU
		{0C1F0B24-F457-4944-BCB5-0C53FF5CEB21}.Debug|Any CPU.ActiveCfg = Debug|Any CPU
		{0C1F0B24-F457-4944-BCB5-0C53FF5CEB21}.Debug|Any CPU.Build.0 = Debug|Any CPU
		{0C1F0B24-F457-4944-BCB5-0C53FF5CEB21}.Release|Any CPU.ActiveCfg = Release|Any CPU
		{0C1F0B24-F457-4944-BCB5-0C53FF5CEB21}.Release|Any CPU.Build.0 = Release|Any CPU
	EndGlobalSection
	GlobalSection(SolutionProperties) = preSolution
		HideSolutionNode = FALSE
	EndGlobalSection
	GlobalSection(NestedProjects) = preSolution
		{799D0078-989D-47E6-A56B-5C06ECF0000B} = {8E072EBD-9EA5-4E88-8FE4-3FE377478F6A}
		{31522C27-F597-4395-8010-359B232D6BB3} = {8E072EBD-9EA5-4E88-8FE4-3FE377478F6A}
		{0C1F0B24-F457-4944-BCB5-0C53FF5CEB21} = {8E072EBD-9EA5-4E88-8FE4-3FE377478F6A}
		{F93CFB54-068D-4888-A2A4-E8B73F938B05} = {20813C6E-52FA-444A-80DB-533303988B00}
		{CD8C731F-E335-4B97-B8F0-32309D851AA6} = {732A8629-0F6F-44A8-BD3D-1CAF60B884CE}
	EndGlobalSection
EndGlobal
